Microsoft Visual Studio Solution File, Format Version 12.00
# Visual Studio Version 17
VisualStudioVersion = 17.5.2.0
MinimumVisualStudioVersion = 10.0.40219.1
Project("{FAE04EC0-301F-11D3-BF4B-00C04F79EFBC}") = "NEXTaunchpad", "NEXTaunchpad.csproj", "{693BCD28-3549-285E-5C0A-A72E14C9F9A5}"
EndProject
Global
	GlobalSection(SolutionConfigurationPlatforms) = preSolution
		Debug|Any CPU = Debug|Any CPU
		Release|Any CPU = Release|Any CPU
	EndGlobalSection
	GlobalSection(ProjectConfigurationPlatforms) = postSolution
		{693BCD28-3549-285E-5C0A-A72E14C9F9A5}.Debug|Any CPU.ActiveCfg = Debug|Any CPU
		{693BCD28-3549-285E-5C0A-A72E14C9F9A5}.Debug|Any CPU.Build.0 = Debug|Any CPU
		{693BCD28-3549-285E-5C0A-A72E14C9F9A5}.Release|Any CPU.ActiveCfg = Release|Any CPU
		{693BCD28-3549-285E-5C0A-A72E14C9F9A5}.Release|Any CPU.Build.0 = Release|Any CPU
	EndGlobalSection
	GlobalSection(SolutionProperties) = preSolution
		HideSolutionNode = FALSE
	EndGlobalSection
	GlobalSection(ExtensibilityGlobals) = postSolution
		SolutionGuid = {6F88973C-4572-46A8-9E78-E1342FC729B5}
	EndGlobalSection
EndGlobal
